
Microsoft Visual Studio Solution File, Format Version 12.00
# Visual Studio 15
VisualStudioVersion = 15.0.27004.2005
MinimumVisualStudioVersion = 10.0.40219.1
Project("{00D1A9C2-B5F0-4AF3-8072-F6C62B433612}") = "Database", "Database\Database.sqlproj", "{2D742718-30BE-489C-AF4E-5D3DD897A34F}"
EndProject
Global
	GlobalSection(SolutionConfigurationPlatforms) = preSolution
		Debug|Any CPU = Debug|Any CPU
		Release|Any CPU = Release|Any CPU
	EndGlobalSection
	GlobalSection(ProjectConfigurationPlatforms) = postSolution
		{2D742718-30BE-489C-AF4E-5D3DD897A34F}.Debug|Any CPU.ActiveCfg = Debug|Any CPU
		{2D742718-30BE-489C-AF4E-5D3DD897A34F}.Debug|Any CPU.Build.0 = Debug|Any CPU
		{2D742718-30BE-489C-AF4E-5D3DD897A34F}.Debug|Any CPU.Deploy.0 = Debug|Any CPU
		{2D742718-30BE-489C-AF4E-5D3DD897A34F}.Release|Any CPU.ActiveCfg = Release|Any CPU
		{2D742718-30BE-489C-AF4E-5D3DD897A34F}.Release|Any CPU.Build.0 = Release|Any CPU
		{2D742718-30BE-489C-AF4E-5D3DD897A34F}.Release|Any CPU.Deploy.0 = Release|Any CPU
	EndGlobalSection
	GlobalSection(SolutionProperties) = preSolution
		HideSolutionNode = FALSE
	EndGlobalSection
	GlobalSection(ExtensibilityGlobals) = postSolution
		SolutionGuid = {699ADD25-8516-4E1F-A53C-B3E40B43E0A7}
	EndGlobalSection
EndGlobal
